
Microsoft Visual Studio Solution File, Format Version 12.00
# Visual Studio 15
VisualStudioVersion = 15.0.26621.2
MinimumVisualStudioVersion = 10.0.40219.1
Project("{FAE04EC0-301F-11D3-BF4B-00C04F79EFBC}") = "PersonalIDRegister", "PersonalIDRegister\PersonalIDRegister.csproj", "{644F0D78-354F-4FDA-9BC7-179CCA07ADF5}"
EndProject
Project("{FAE04EC0-301F-11D3-BF4B-00C04F79EFBC}") = "DocumentLibrary", "DocumentLibrary\DocumentLibrary.csproj", "{E6581778-49DA-44C6-9EA7-FEB14914B4B5}"
EndProject
Global
	GlobalSection(SolutionConfigurationPlatforms) = preSolution
		Debug|Any CPU = Debug|Any CPU
		Release|Any CPU = Release|Any CPU
	EndGlobalSection
	GlobalSection(ProjectConfigurationPlatforms) = postSolution
		{644F0D78-354F-4FDA-9BC7-179CCA07ADF5}.Debug|Any CPU.ActiveCfg = Debug|Any CPU
		{644F0D78-354F-4FDA-9BC7-179CCA07ADF5}.Debug|Any CPU.Build.0 = Debug|Any CPU
		{644F0D78-354F-4FDA-9BC7-179CCA07ADF5}.Release|Any CPU.ActiveCfg = Release|Any CPU
		{644F0D78-354F-4FDA-9BC7-179CCA07ADF5}.Release|Any CPU.Build.0 = Release|Any CPU
		{E6581778-49DA-44C6-9EA7-FEB14914B4B5}.Debug|Any CPU.ActiveCfg = Debug|Any CPU
		{E6581778-49DA-44C6-9EA7-FEB14914B4B5}.Debug|Any CPU.Build.0 = Debug|Any CPU
		{E6581778-49DA-44C6-9EA7-FEB14914B4B5}.Release|Any CPU.ActiveCfg = Release|Any CPU
		{E6581778-49DA-44C6-9EA7-FEB14914B4B5}.Release|Any CPU.Build.0 = Release|Any CPU
	EndGlobalSection
	GlobalSection(SolutionProperties) = preSolution
		HideSolutionNode = FALSE
	EndGlobalSection
	GlobalSection(ExtensibilityGlobals) = postSolution
		SolutionGuid = {81EDCEAB-B6CC-4C90-8054-A6D208577F8F}
	EndGlobalSection
EndGlobal
